
Microsoft Visual Studio Solution File, Format Version 12.00
# Visual Studio Version 17
VisualStudioVersion = 17.5.002.0
MinimumVisualStudioVersion = 10.0.40219.1
Project("{9A19103F-16F7-4668-BE54-9A1E7A4F7556}") = "Play.Common", "Play.Common.csproj", "{854E03A8-03A7-4F18-8321-76546EC4FC7D}"
EndProject
Global
	GlobalSection(SolutionConfigurationPlatforms) = preSolution
		Debug|Any CPU = Debug|Any CPU
		Release|Any CPU = Release|Any CPU
	EndGlobalSection
	GlobalSection(ProjectConfigurationPlatforms) = postSolution
		{854E03A8-03A7-4F18-8321-76546EC4FC7D}.Debug|Any CPU.ActiveCfg = Debug|Any CPU
		{854E03A8-03A7-4F18-8321-76546EC4FC7D}.Debug|Any CPU.Build.0 = Debug|Any CPU
		{854E03A8-03A7-4F18-8321-76546EC4FC7D}.Release|Any CPU.ActiveCfg = Release|Any CPU
		{854E03A8-03A7-4F18-8321-76546EC4FC7D}.Release|Any CPU.Build.0 = Release|Any CPU
	EndGlobalSection
	GlobalSection(SolutionProperties) = preSolution
		HideSolutionNode = FALSE
	EndGlobalSection
	GlobalSection(ExtensibilityGlobals) = postSolution
		SolutionGuid = {D255F49F-C45D-48AB-913B-F3A20C68B75C}
	EndGlobalSection
EndGlobal
